
Microsoft Visual Studio Solution File, Format Version 12.00
# Visual Studio 14
VisualStudioVersion = 14.0.24720.0
MinimumVisualStudioVersion = 10.0.40219.1
Project("{E24C65DC-7377-472B-9ABA-BC803B73C61A}") = "Complaint Database", ".", "{795F980B-6858-4E46-89D1-B5C59ACEBD23}"
	ProjectSection(WebsiteProperties) = preProject
		TargetFrameworkMoniker = ".NETFramework,Version%3Dv4.5"
		Debug.AspNetCompiler.VirtualPath = "/localhost_60940"
		Debug.AspNetCompiler.PhysicalPath = "..\Complaint Database\"
		Debug.AspNetCompiler.TargetPath = "PrecompiledWeb\localhost_60940\"
		Debug.AspNetCompiler.Updateable = "true"
		Debug.AspNetCompiler.ForceOverwrite = "true"
		Debug.AspNetCompiler.FixedNames = "false"
		Debug.AspNetCompiler.Debug = "True"
		Release.AspNetCompiler.VirtualPath = "/localhost_60940"
		Release.AspNetCompiler.PhysicalPath = "..\Complaint Database\"
		Release.AspNetCompiler.TargetPath = "PrecompiledWeb\localhost_60940\"
		Release.AspNetCompiler.Updateable = "true"
		Release.AspNetCompiler.ForceOverwrite = "true"
		Release.AspNetCompiler.FixedNames = "false"
		Release.AspNetCompiler.Debug = "False"
		VWDPort = "60940"
		SlnRelativePath = "..\Complaint Database\"
	EndProjectSection
EndProject
Global
	GlobalSection(SolutionConfigurationPlatforms) = preSolution
		Debug|Any CPU = Debug|Any CPU
	EndGlobalSection
	GlobalSection(ProjectConfigurationPlatforms) = postSolution
		{795F980B-6858-4E46-89D1-B5C59ACEBD23}.Debug|Any CPU.ActiveCfg = Debug|Any CPU
		{795F980B-6858-4E46-89D1-B5C59ACEBD23}.Debug|Any CPU.Build.0 = Debug|Any CPU
	EndGlobalSection
	GlobalSection(SolutionProperties) = preSolution
		HideSolutionNode = FALSE
	EndGlobalSection
EndGlobal
